// !$*UTF8*$!
{
	archiveVersion = 1;
	classes = {
	};
	objectVersion = 56;
	objects = {

/* Begin PBXBuildFile section */
		FC347EE828F599480051693D /* AppDelegate.swift in Sources */ = {isa = PBXBuildFile; fileRef = FC347EE728F599480051693D /* AppDelegate.swift */; };
		FC347EEA28F599480051693D /* SceneDelegate.swift in Sources */ = {isa = PBXBuildFile; fileRef = FC347EE928F599480051693D /* SceneDelegate.swift */; };
		FC347EEC28F599480051693D /* ViewController.swift in Sources */ = {isa = PBXBuildFile; fileRef = FC347EEB28F599480051693D /* ViewController.swift */; };
		FC347EF128F599490051693D /* Assets.xcassets in Resources */ = {isa = PBXBuildFile; fileRef = FC347EF028F599490051693D /* Assets.xcassets */; };
		FC347EF428F599490051693D /* LaunchScreen.storyboard in Resources */ = {isa = PBXBuildFile; fileRef = FC347EF228F599490051693D /* LaunchScreen.storyboard */; };
		FC347F0928F599490051693D /* SpaceTradersIOSUITests.swift in Sources */ = {isa = PBXBuildFile; fileRef = FC347F0828F599490051693D /* SpaceTradersIOSUITests.swift */; };
		FC347F0B28F599490051693D /* SpaceTradersIOSUITestsLaunchTests.swift in Sources */ = {isa = PBXBuildFile; fileRef = FC347F0A28F599490051693D /* SpaceTradersIOSUITestsLaunchTests.swift */; };
		FC347FAC28FAD7CA0051693D /* CharacterView.swift in Sources */ = {isa = PBXBuildFile; fileRef = FC347FAB28FAD7CA0051693D /* CharacterView.swift */; };
		FC347FAE28FAD7FF0051693D /* LoginViewController.swift in Sources */ = {isa = PBXBuildFile; fileRef = FC347FAD28FAD7FF0051693D /* LoginViewController.swift */; };
		FC347FB128FAD9770051693D /* ViewCodeConfiguration.swift in Sources */ = {isa = PBXBuildFile; fileRef = FC347FB028FAD9770051693D /* ViewCodeConfiguration.swift */; };
		FC347FF128FD86990051693D /* LoansCollectionViewCell.swift in Sources */ = {isa = PBXBuildFile; fileRef = FC347FF028FD86990051693D /* LoansCollectionViewCell.swift */; };
		FC347FF428FEE69E0051693D /* spaceship.json in Resources */ = {isa = PBXBuildFile; fileRef = FC347FF328FEE69E0051693D /* spaceship.json */; };
		FC347FFD29016D3F0051693D /* Lottie in Frameworks */ = {isa = PBXBuildFile; productRef = FC347FFC29016D3F0051693D /* Lottie */; };
		FC3480032902BFF00051693D /* API.swift in Sources */ = {isa = PBXBuildFile; fileRef = FC3480022902BFF00051693D /* API.swift */; };
		FC3480052902C1020051693D /* APIEndpoint.swift in Sources */ = {isa = PBXBuildFile; fileRef = FC3480042902C1020051693D /* APIEndpoint.swift */; };
		FC3480072902C1C20051693D /* HTTPSessionProtocol.swift in Sources */ = {isa = PBXBuildFile; fileRef = FC3480062902C1C20051693D /* HTTPSessionProtocol.swift */; };
		FC3480092902C2A10051693D /* AccountModel.swift in Sources */ = {isa = PBXBuildFile; fileRef = FC3480082902C2A10051693D /* AccountModel.swift */; };
/* End PBXBuildFile section */

/* Begin PBXContainerItemProxy section */
		FC347EFB28F599490051693D /* PBXContainerItemProxy */ = {
			isa = PBXContainerItemProxy;
			containerPortal = FC347EDC28F599480051693D /* Project object */;
			proxyType = 1;
			remoteGlobalIDString = FC347EE328F599480051693D;
			remoteInfo = SpaceTradersIOS;
		};
		FC347F0528F599490051693D /* PBXContainerItemProxy */ = {
			isa = PBXContainerItemProxy;
			containerPortal = FC347EDC28F599480051693D /* Project object */;
			proxyType = 1;
			remoteGlobalIDString = FC347EE328F599480051693D;
			remoteInfo = SpaceTradersIOS;
		};
/* End PBXContainerItemProxy section */

/* Begin PBXFileReference section */
		FC347EE428F599480051693D /* SpaceTradersIOS.app */ = {isa = PBXFileReference; explicitFileType = wrapper.application; includeInIndex = 0; path = SpaceTradersIOS.app; sourceTree = BUILT_PRODUCTS_DIR; };
		FC347EE728F599480051693D /* AppDelegate.swift */ = {isa = PBXFileReference; lastKnownFileType = sourcecode.swift; path = AppDelegate.swift; sourceTree = "<group>"; };
		FC347EE928F599480051693D /* SceneDelegate.swift */ = {isa = PBXFileReference; lastKnownFileType = sourcecode.swift; path = SceneDelegate.swift; sourceTree = "<group>"; };
		FC347EEB28F599480051693D /* ViewController.swift */ = {isa = PBXFileReference; lastKnownFileType = sourcecode.swift; path = ViewController.swift; sourceTree = "<group>"; };
		FC347EF028F599490051693D /* Assets.xcassets */ = {isa = PBXFileReference; lastKnownFileType = folder.assetcatalog; path = Assets.xcassets; sourceTree = "<group>"; };
		FC347EF328F599490051693D /* Base */ = {isa = PBXFileReference; lastKnownFileType = file.storyboard; name = Base; path = Base.lproj/LaunchScreen.storyboard; sourceTree = "<group>"; };
		FC347EF528F599490051693D /* Info.plist */ = {isa = PBXFileReference; lastKnownFileType = text.plist.xml; path = Info.plist; sourceTree = "<group>"; };
		FC347EFA28F599490051693D /* SpaceTradersIOSTests.xctest */ = {isa = PBXFileReference; explicitFileType = wrapper.cfbundle; includeInIndex = 0; path = SpaceTradersIOSTests.xctest; sourceTree = BUILT_PRODUCTS_DIR; };
		FC347F0428F599490051693D /* SpaceTradersIOSUITests.xctest */ = {isa = PBXFileReference; explicitFileType = wrapper.cfbundle; includeInIndex = 0; path = SpaceTradersIOSUITests.xctest; sourceTree = BUILT_PRODUCTS_DIR; };
		FC347F0828F599490051693D /* SpaceTradersIOSUITests.swift */ = {isa = PBXFileReference; lastKnownFileType = sourcecode.swift; path = SpaceTradersIOSUITests.swift; sourceTree = "<group>"; };
		FC347F0A28F599490051693D /* SpaceTradersIOSUITestsLaunchTests.swift */ = {isa = PBXFileReference; lastKnownFileType = sourcecode.swift; path = SpaceTradersIOSUITestsLaunchTests.swift; sourceTree = "<group>"; };
		FC347FAB28FAD7CA0051693D /* CharacterView.swift */ = {isa = PBXFileReference; lastKnownFileType = sourcecode.swift; path = CharacterView.swift; sourceTree = "<group>"; };
		FC347FAD28FAD7FF0051693D /* LoginViewController.swift */ = {isa = PBXFileReference; lastKnownFileType = sourcecode.swift; path = LoginViewController.swift; sourceTree = "<group>"; };
		FC347FB028FAD9770051693D /* ViewCodeConfiguration.swift */ = {isa = PBXFileReference; lastKnownFileType = sourcecode.swift; path = ViewCodeConfiguration.swift; sourceTree = "<group>"; };
		FC347FF028FD86990051693D /* LoansCollectionViewCell.swift */ = {isa = PBXFileReference; lastKnownFileType = sourcecode.swift; path = LoansCollectionViewCell.swift; sourceTree = "<group>"; };
		FC347FF328FEE69E0051693D /* spaceship.json */ = {isa = PBXFileReference; fileEncoding = 4; lastKnownFileType = text.json; path = spaceship.json; sourceTree = "<group>"; };
		FC3480022902BFF00051693D /* API.swift */ = {isa = PBXFileReference; lastKnownFileType = sourcecode.swift; path = API.swift; sourceTree = "<group>"; };
		FC3480042902C1020051693D /* APIEndpoint.swift */ = {isa = PBXFileReference; lastKnownFileType = sourcecode.swift; path = APIEndpoint.swift; sourceTree = "<group>"; };
		FC3480062902C1C20051693D /* HTTPSessionProtocol.swift */ = {isa = PBXFileReference; lastKnownFileType = sourcecode.swift; path = HTTPSessionProtocol.swift; sourceTree = "<group>"; };
		FC3480082902C2A10051693D /* AccountModel.swift */ = {isa = PBXFileReference; lastKnownFileType = sourcecode.swift; path = AccountModel.swift; sourceTree = "<group>"; };
/* End PBXFileReference section */

/* Begin PBXFrameworksBuildPhase section */
		FC347EE128F599480051693D /* Frameworks */ = {
			isa = PBXFrameworksBuildPhase;
			buildActionMask = 2147483647;
			files = (
				FC347FFD29016D3F0051693D /* Lottie in Frameworks */,
			);
			runOnlyForDeploymentPostprocessing = 0;
		};
		FC347EF728F599490051693D /* Frameworks */ = {
			isa = PBXFrameworksBuildPhase;
			buildActionMask = 2147483647;
			files = (
			);
			runOnlyForDeploymentPostprocessing = 0;
		};
		FC347F0128F599490051693D /* Frameworks */ = {
			isa = PBXFrameworksBuildPhase;
			buildActionMask = 2147483647;
			files = (
			);
			runOnlyForDeploymentPostprocessing = 0;
		};
/* End PBXFrameworksBuildPhase section */

/* Begin PBXGroup section */
		FC347EDB28F599480051693D = {
			isa = PBXGroup;
			children = (
				FC347EE628F599480051693D /* SpaceTradersIOS */,
				FC347EFD28F599490051693D /* SpaceTradersIOSTests */,
				FC347F0728F599490051693D /* SpaceTradersIOSUITests */,
				FC347EE528F599480051693D /* Products */,
			);
			sourceTree = "<group>";
		};
		FC347EE528F599480051693D /* Products */ = {
			isa = PBXGroup;
			children = (
				FC347EE428F599480051693D /* SpaceTradersIOS.app */,
				FC347EFA28F599490051693D /* SpaceTradersIOSTests.xctest */,
				FC347F0428F599490051693D /* SpaceTradersIOSUITests.xctest */,
			);
			name = Products;
			sourceTree = "<group>";
		};
		FC347EE628F599480051693D /* SpaceTradersIOS */ = {
			isa = PBXGroup;
			children = (
				FC3480012902BD480051693D /* Services */,
				FC347FF228FEE5380051693D /* Assets */,
				FC347FAF28FAD90A0051693D /* Protocol */,
				FC347FAA28FAD74F0051693D /* View */,
				FC347FA928FAD7410051693D /* ViewController */,
				FC347FA828FAD7310051693D /* Model */,
				FC347EE728F599480051693D /* AppDelegate.swift */,
				FC347EE928F599480051693D /* SceneDelegate.swift */,
				FC347EF028F599490051693D /* Assets.xcassets */,
				FC347EF228F599490051693D /* LaunchScreen.storyboard */,
				FC347EF528F599490051693D /* Info.plist */,
			);
			path = SpaceTradersIOS;
			sourceTree = "<group>";
		};
		FC347EFD28F599490051693D /* SpaceTradersIOSTests */ = {
			isa = PBXGroup;
			children = (
			);
			path = SpaceTradersIOSTests;
			sourceTree = "<group>";
		};
		FC347F0728F599490051693D /* SpaceTradersIOSUITests */ = {
			isa = PBXGroup;
			children = (
				FC347F0828F599490051693D /* SpaceTradersIOSUITests.swift */,
				FC347F0A28F599490051693D /* SpaceTradersIOSUITestsLaunchTests.swift */,
			);
			path = SpaceTradersIOSUITests;
			sourceTree = "<group>";
		};
		FC347FA828FAD7310051693D /* Model */ = {
			isa = PBXGroup;
			children = (
				FC3480082902C2A10051693D /* AccountModel.swift */,
			);
			path = Model;
			sourceTree = "<group>";
		};
		FC347FA928FAD7410051693D /* ViewController */ = {
			isa = PBXGroup;
			children = (
				FC347EEB28F599480051693D /* ViewController.swift */,
				FC347FAD28FAD7FF0051693D /* LoginViewController.swift */,
			);
			path = ViewController;
			sourceTree = "<group>";
		};
		FC347FAA28FAD74F0051693D /* View */ = {
			isa = PBXGroup;
			children = (
				FC347FAB28FAD7CA0051693D /* CharacterView.swift */,
				FC347FF028FD86990051693D /* LoansCollectionViewCell.swift */,
			);
			path = View;
			sourceTree = "<group>";
		};
		FC347FAF28FAD90A0051693D /* Protocol */ = {
			isa = PBXGroup;
			children = (
				FC347FB028FAD9770051693D /* ViewCodeConfiguration.swift */,
			);
			path = Protocol;
			sourceTree = "<group>";
		};
		FC347FF228FEE5380051693D /* Assets */ = {
			isa = PBXGroup;
			children = (
				FC347FF328FEE69E0051693D /* spaceship.json */,
			);
			path = Assets;
			sourceTree = "<group>";
		};
		FC3480012902BD480051693D /* Services */ = {
			isa = PBXGroup;
			children = (
				FC3480022902BFF00051693D /* API.swift */,
				FC3480042902C1020051693D /* APIEndpoint.swift */,
				FC3480062902C1C20051693D /* HTTPSessionProtocol.swift */,
			);
			path = Services;
			sourceTree = "<group>";
		};
/* End PBXGroup section */

/* Begin PBXNativeTarget section */
		FC347EE328F599480051693D /* SpaceTradersIOS */ = {
			isa = PBXNativeTarget;
			buildConfigurationList = FC347F0E28F599490051693D /* Build configuration list for PBXNativeTarget "SpaceTradersIOS" */;
			buildPhases = (
				FC347EE028F599480051693D /* Sources */,
				FC347EE128F599480051693D /* Frameworks */,
				FC347EE228F599480051693D /* Resources */,
				FC347F1728F5A9480051693D /* ShellScript */,
			);
			buildRules = (
			);
			dependencies = (
			);
			name = SpaceTradersIOS;
			packageProductDependencies = (
				FC347FFC29016D3F0051693D /* Lottie */,
			);
			productName = SpaceTradersIOS;
			productReference = FC347EE428F599480051693D /* SpaceTradersIOS.app */;
			productType = "com.apple.product-type.application";
		};
		FC347EF928F599490051693D /* SpaceTradersIOSTests */ = {
			isa = PBXNativeTarget;
			buildConfigurationList = FC347F1128F599490051693D /* Build configuration list for PBXNativeTarget "SpaceTradersIOSTests" */;
			buildPhases = (
				FC347EF628F599490051693D /* Sources */,
				FC347EF728F599490051693D /* Frameworks */,
				FC347EF828F599490051693D /* Resources */,
			);
			buildRules = (
			);
			dependencies = (
				FC347EFC28F599490051693D /* PBXTargetDependency */,
			);
			name = SpaceTradersIOSTests;
			productName = SpaceTradersIOSTests;
			productReference = FC347EFA28F599490051693D /* SpaceTradersIOSTests.xctest */;
			productType = "com.apple.product-type.bundle.unit-test";
		};
		FC347F0328F599490051693D /* SpaceTradersIOSUITests */ = {
			isa = PBXNativeTarget;
			buildConfigurationList = FC347F1428F599490051693D /* Build configuration list for PBXNativeTarget "SpaceTradersIOSUITests" */;
			buildPhases = (
				FC347F0028F599490051693D /* Sources */,
				FC347F0128F599490051693D /* Frameworks */,
				FC347F0228F599490051693D /* Resources */,
			);
			buildRules = (
			);
			dependencies = (
				FC347F0628F599490051693D /* PBXTargetDependency */,
			);
			name = SpaceTradersIOSUITests;
			productName = SpaceTradersIOSUITests;
			productReference = FC347F0428F599490051693D /* SpaceTradersIOSUITests.xctest */;
			productType = "com.apple.product-type.bundle.ui-testing";
		};
/* End PBXNativeTarget section */

/* Begin PBXProject section */
		FC347EDC28F599480051693D /* Project object */ = {
			isa = PBXProject;
			attributes = {
				BuildIndependentTargetsInParallel = 1;
				LastSwiftUpdateCheck = 1400;
				LastUpgradeCheck = 1400;
				TargetAttributes = {
					FC347EE328F599480051693D = {
						CreatedOnToolsVersion = 14.0.1;
					};
					FC347EF928F599490051693D = {
						CreatedOnToolsVersion = 14.0.1;
						LastSwiftMigration = 1400;
						TestTargetID = FC347EE328F599480051693D;
					};
					FC347F0328F599490051693D = {
						CreatedOnToolsVersion = 14.0.1;
						TestTargetID = FC347EE328F599480051693D;
					};
				};
			};
			buildConfigurationList = FC347EDF28F599480051693D /* Build configuration list for PBXProject "SpaceTradersIOS" */;
			compatibilityVersion = "Xcode 14.0";
			developmentRegion = en;
			hasScannedForEncodings = 0;
			knownRegions = (
				en,
				Base,
			);
			mainGroup = FC347EDB28F599480051693D;
			packageReferences = (
				FC347FFB29016D3F0051693D /* XCRemoteSwiftPackageReference "lottie-ios" */,
			);
			productRefGroup = FC347EE528F599480051693D /* Products */;
			projectDirPath = "";
			projectRoot = "";
			targets = (
				FC347EE328F599480051693D /* SpaceTradersIOS */,
				FC347EF928F599490051693D /* SpaceTradersIOSTests */,
				FC347F0328F599490051693D /* SpaceTradersIOSUITests */,
			);
		};
/* End PBXProject section */

/* Begin PBXResourcesBuildPhase section */
		FC347EE228F599480051693D /* Resources */ = {
			isa = PBXResourcesBuildPhase;
			buildActionMask = 2147483647;
			files = (
				FC347EF428F599490051693D /* LaunchScreen.storyboard in Resources */,
				FC347FF428FEE69E0051693D /* spaceship.json in Resources */,
				FC347EF128F599490051693D /* Assets.xcassets in Resources */,
			);
			runOnlyForDeploymentPostprocessing = 0;
		};
		FC347EF828F599490051693D /* Resources */ = {
			isa = PBXResourcesBuildPhase;
			buildActionMask = 2147483647;
			files = (
			);
			runOnlyForDeploymentPostprocessing = 0;
		};
		FC347F0228F599490051693D /* Resources */ = {
			isa = PBXResourcesBuildPhase;
			buildActionMask = 2147483647;
			files = (
			);
			runOnlyForDeploymentPostprocessing = 0;
		};
/* End PBXResourcesBuildPhase section */

/* Begin PBXShellScriptBuildPhase section */
		FC347F1728F5A9480051693D /* ShellScript */ = {
			isa = PBXShellScriptBuildPhase;
			buildActionMask = 2147483647;
			files = (
			);
			inputFileListPaths = (
			);
			inputPaths = (
			);
			outputFileListPaths = (
			);
			outputPaths = (
			);
			runOnlyForDeploymentPostprocessing = 0;
			shellPath = /bin/sh;
			shellScript = "export PATH=\"$PATH:/opt/homebrew/bin\"\nif which swiftlint > /dev/null; then\n  swiftlint\nelse\n  echo \"warning: SwiftLint not installed, download from https://github.com/realm/SwiftLint\"\nfi\n";
		};
/* End PBXShellScriptBuildPhase section */

/* Begin PBXSourcesBuildPhase section */
		FC347EE028F599480051693D /* Sources */ = {
			isa = PBXSourcesBuildPhase;
			buildActionMask = 2147483647;
			files = (
				FC347FB128FAD9770051693D /* ViewCodeConfiguration.swift in Sources */,
				FC3480052902C1020051693D /* APIEndpoint.swift in Sources */,
				FC347EEC28F599480051693D /* ViewController.swift in Sources */,
				FC347FF128FD86990051693D /* LoansCollectionViewCell.swift in Sources */,
				FC3480072902C1C20051693D /* HTTPSessionProtocol.swift in Sources */,
				FC347EE828F599480051693D /* AppDelegate.swift in Sources */,
				FC347FAC28FAD7CA0051693D /* CharacterView.swift in Sources */,
				FC347FAE28FAD7FF0051693D /* LoginViewController.swift in Sources */,
				FC3480092902C2A10051693D /* AccountModel.swift in Sources */,
				FC3480032902BFF00051693D /* API.swift in Sources */,
				FC347EEA28F599480051693D /* SceneDelegate.swift in Sources */,
			);
			runOnlyForDeploymentPostprocessing = 0;
		};
		FC347EF628F599490051693D /* Sources */ = {
			isa = PBXSourcesBuildPhase;
			buildActionMask = 2147483647;
			files = (
			);
			runOnlyForDeploymentPostprocessing = 0;
		};
		FC347F0028F599490051693D /* Sources */ = {
			isa = PBXSourcesBuildPhase;
			buildActionMask = 2147483647;
			files = (
				FC347F0928F599490051693D /* SpaceTradersIOSUITests.swift in Sources */,
				FC347F0B28F599490051693D /* SpaceTradersIOSUITestsLaunchTests.swift in Sources */,
			);
			runOnlyForDeploymentPostprocessing = 0;
		};
/* End PBXSourcesBuildPhase section */

/* Begin PBXTargetDependency section */
		FC347EFC28F599490051693D /* PBXTargetDependency */ = {
			isa = PBXTargetDependency;
			target = FC347EE328F599480051693D /* SpaceTradersIOS */;
			targetProxy = FC347EFB28F599490051693D /* PBXContainerItemProxy */;
		};
		FC347F0628F599490051693D /* PBXTargetDependency */ = {
			isa = PBXTargetDependency;
			target = FC347EE328F599480051693D /* SpaceTradersIOS */;
			targetProxy = FC347F0528F599490051693D /* PBXContainerItemProxy */;
		};
/* End PBXTargetDependency section */

/* Begin PBXVariantGroup section */
		FC347EF228F599490051693D /* LaunchScreen.storyboard */ = {
			isa = PBXVariantGroup;
			children = (
				FC347EF328F599490051693D /* Base */,
			);
			name = LaunchScreen.storyboard;
			sourceTree = "<group>";
		};
/* End PBXVariantGroup section */

/* Begin XCBuildConfiguration section */
		FC347F0C28F599490051693D /* Debug */ = {
			isa = XCBuildConfiguration;
			buildSettings = {
				ALWAYS_SEARCH_USER_PATHS = NO;
				CLANG_ANALYZER_NONNULL = YES;
				CLANG_ANALYZER_NUMBER_OBJECT_CONVERSION = YES_AGGRESSIVE;
				CLANG_CXX_LANGUAGE_STANDARD = "gnu++20";
				CLANG_ENABLE_MODULES = YES;
				CLANG_ENABLE_OBJC_ARC = YES;
				CLANG_ENABLE_OBJC_WEAK = YES;
				CLANG_WARN_BLOCK_CAPTURE_AUTORELEASING = YES;
				CLANG_WARN_BOOL_CONVERSION = YES;
				CLANG_WARN_COMMA = YES;
				CLANG_WARN_CONSTANT_CONVERSION = YES;
				CLANG_WARN_DEPRECATED_OBJC_IMPLEMENTATIONS = YES;
				CLANG_WARN_DIRECT_OBJC_ISA_USAGE = YES_ERROR;
				CLANG_WARN_DOCUMENTATION_COMMENTS = YES;
				CLANG_WARN_EMPTY_BODY = YES;
				CLANG_WARN_ENUM_CONVERSION = YES;
				CLANG_WARN_INFINITE_RECURSION = YES;
				CLANG_WARN_INT_CONVERSION = YES;
				CLANG_WARN_NON_LITERAL_NULL_CONVERSION = YES;
				CLANG_WARN_OBJC_IMPLICIT_RETAIN_SELF = YES;
				CLANG_WARN_OBJC_LITERAL_CONVERSION = YES;
				CLANG_WARN_OBJC_ROOT_CLASS = YES_ERROR;
				CLANG_WARN_QUOTED_INCLUDE_IN_FRAMEWORK_HEADER = YES;
				CLANG_WARN_RANGE_LOOP_ANALYSIS = YES;
				CLANG_WARN_STRICT_PROTOTYPES = YES;
				CLANG_WARN_SUSPICIOUS_MOVE = YES;
				CLANG_WARN_UNGUARDED_AVAILABILITY = YES_AGGRESSIVE;
				CLANG_WARN_UNREACHABLE_CODE = YES;
				CLANG_WARN__DUPLICATE_METHOD_MATCH = YES;
				COPY_PHASE_STRIP = NO;
				DEBUG_INFORMATION_FORMAT = dwarf;
				ENABLE_STRICT_OBJC_MSGSEND = YES;
				ENABLE_TESTABILITY = YES;
				GCC_C_LANGUAGE_STANDARD = gnu11;
				GCC_DYNAMIC_NO_PIC = NO;
				GCC_NO_COMMON_BLOCKS = YES;
				GCC_OPTIMIZATION_LEVEL = 0;
				GCC_PREPROCESSOR_DEFINITIONS = (
					"DEBUG=1",
					"$(inherited)",
				);
				GCC_WARN_64_TO_32_BIT_CONVERSION = YES;
				GCC_WARN_ABOUT_RETURN_TYPE = YES_ERROR;
				GCC_WARN_UNDECLARED_SELECTOR = YES;
				GCC_WARN_UNINITIALIZED_AUTOS = YES_AGGRESSIVE;
				GCC_WARN_UNUSED_FUNCTION = YES;
				GCC_WARN_UNUSED_VARIABLE = YES;
				IPHONEOS_DEPLOYMENT_TARGET = 16.0;
				MTL_ENABLE_DEBUG_INFO = INCLUDE_SOURCE;
				MTL_FAST_MATH = YES;
				ONLY_ACTIVE_ARCH = YES;
				SDKROOT = iphoneos;
				SWIFT_ACTIVE_COMPILATION_CONDITIONS = DEBUG;
				SWIFT_OPTIMIZATION_LEVEL = "-Onone";
			};
			name = Debug;
		};
		FC347F0D28F599490051693D /* Release */ = {
			isa = XCBuildConfiguration;
			buildSettings = {
				ALWAYS_SEARCH_USER_PATHS = NO;
				CLANG_ANALYZER_NONNULL = YES;
				CLANG_ANALYZER_NUMBER_OBJECT_CONVERSION = YES_AGGRESSIVE;
				CLANG_CXX_LANGUAGE_STANDARD = "gnu++20";
				CLANG_ENABLE_MODULES = YES;
				CLANG_ENABLE_OBJC_ARC = YES;
				CLANG_ENABLE_OBJC_WEAK = YES;
				CLANG_WARN_BLOCK_CAPTURE_AUTORELEASING = YES;
				CLANG_WARN_BOOL_CONVERSION = YES;
				CLANG_WARN_COMMA = YES;
				CLANG_WARN_CONSTANT_CONVERSION = YES;
				CLANG_WARN_DEPRECATED_OBJC_IMPLEMENTATIONS = YES;
				CLANG_WARN_DIRECT_OBJC_ISA_USAGE = YES_ERROR;
				CLANG_WARN_DOCUMENTATION_COMMENTS = YES;
				CLANG_WARN_EMPTY_BODY = YES;
				CLANG_WARN_ENUM_CONVERSION = YES;
				CLANG_WARN_INFINITE_RECURSION = YES;
				CLANG_WARN_INT_CONVERSION = YES;
				CLANG_WARN_NON_LITERAL_NULL_CONVERSION = YES;
				CLANG_WARN_OBJC_IMPLICIT_RETAIN_SELF = YES;
				CLANG_WARN_OBJC_LITERAL_CONVERSION = YES;
				CLANG_WARN_OBJC_ROOT_CLASS = YES_ERROR;
				CLANG_WARN_QUOTED_INCLUDE_IN_FRAMEWORK_HEADER = YES;
				CLANG_WARN_RANGE_LOOP_ANALYSIS = YES;
				CLANG_WARN_STRICT_PROTOTYPES = YES;
				CLANG_WARN_SUSPICIOUS_MOVE = YES;
				CLANG_WARN_UNGUARDED_AVAILABILITY = YES_AGGRESSIVE;
				CLANG_WARN_UNREACHABLE_CODE = YES;
				CLANG_WARN__DUPLICATE_METHOD_MATCH = YES;
				COPY_PHASE_STRIP = NO;
				DEBUG_INFORMATION_FORMAT = "dwarf-with-dsym";
				ENABLE_NS_ASSERTIONS = NO;
				ENABLE_STRICT_OBJC_MSGSEND = YES;
				GCC_C_LANGUAGE_STANDARD = gnu11;
				GCC_NO_COMMON_BLOCKS = YES;
				GCC_WARN_64_TO_32_BIT_CONVERSION = YES;
				GCC_WARN_ABOUT_RETURN_TYPE = YES_ERROR;
				GCC_WARN_UNDECLARED_SELECTOR = YES;
				GCC_WARN_UNINITIALIZED_AUTOS = YES_AGGRESSIVE;
				GCC_WARN_UNUSED_FUNCTION = YES;
				GCC_WARN_UNUSED_VARIABLE = YES;
				IPHONEOS_DEPLOYMENT_TARGET = 16.0;
				MTL_ENABLE_DEBUG_INFO = NO;
				MTL_FAST_MATH = YES;
				SDKROOT = iphoneos;
				SWIFT_COMPILATION_MODE = wholemodule;
				SWIFT_OPTIMIZATION_LEVEL = "-O";
				VALIDATE_PRODUCT = YES;
			};
			name = Release;
		};
		FC347F0F28F599490051693D /* Debug */ = {
			isa = XCBuildConfiguration;
			buildSettings = {
				ASSETCATALOG_COMPILER_APPICON_NAME = AppIcon;
				ASSETCATALOG_COMPILER_GLOBAL_ACCENT_COLOR_NAME = AccentColor;
				CODE_SIGN_STYLE = Automatic;
				CURRENT_PROJECT_VERSION = 1;
				DEVELOPMENT_TEAM = V7A578M95D;
				GENERATE_INFOPLIST_FILE = YES;
				INFOPLIST_FILE = SpaceTradersIOS/Info.plist;
				INFOPLIST_KEY_UIApplicationSupportsIndirectInputEvents = YES;
				INFOPLIST_KEY_UILaunchStoryboardName = LaunchScreen;
				INFOPLIST_KEY_UISupportedInterfaceOrientations_iPad = "UIInterfaceOrientationPortrait UIInterfaceOrientationPortraitUpsideDown UIInterfaceOrientationLandscapeLeft UIInterfaceOrientationLandscapeRight";
				INFOPLIST_KEY_UISupportedInterfaceOrientations_iPhone = "UIInterfaceOrientationPortrait UIInterfaceOrientationLandscapeLeft UIInterfaceOrientationLandscapeRight";
				LD_RUNPATH_SEARCH_PATHS = (
					"$(inherited)",
					"@executable_path/Frameworks",
				);
				MARKETING_VERSION = 1.0;
				PRODUCT_BUNDLE_IDENTIFIER = com.lucasbrbs.SpaceTradersIOS;
				PRODUCT_NAME = "$(TARGET_NAME)";
				SWIFT_EMIT_LOC_STRINGS = YES;
				SWIFT_VERSION = 5.0;
				TARGETED_DEVICE_FAMILY = "1,2";
			};
			name = Debug;
		};
		FC347F1028F599490051693D /* Release */ = {
			isa = XCBuildConfiguration;
			buildSettings = {
				ASSETCATALOG_COMPILER_APPICON_NAME = AppIcon;
				ASSETCATALOG_COMPILER_GLOBAL_ACCENT_COLOR_NAME = AccentColor;
				CODE_SIGN_STYLE = Automatic;
				CURRENT_PROJECT_VERSION = 1;
				DEVELOPMENT_TEAM = V7A578M95D;
				GENERATE_INFOPLIST_FILE = YES;
				INFOPLIST_FILE = SpaceTradersIOS/Info.plist;
				INFOPLIST_KEY_UIApplicationSupportsIndirectInputEvents = YES;
				INFOPLIST_KEY_UILaunchStoryboardName = LaunchScreen;
				INFOPLIST_KEY_UISupportedInterfaceOrientations_iPad = "UIInterfaceOrientationPortrait UIInterfaceOrientationPortraitUpsideDown UIInterfaceOrientationLandscapeLeft UIInterfaceOrientationLandscapeRight";
				INFOPLIST_KEY_UISupportedInterfaceOrientations_iPhone = "UIInterfaceOrientationPortrait UIInterfaceOrientationLandscapeLeft UIInterfaceOrientationLandscapeRight";
				LD_RUNPATH_SEARCH_PATHS = (
					"$(inherited)",
					"@executable_path/Frameworks",
				);
				MARKETING_VERSION = 1.0;
				PRODUCT_BUNDLE_IDENTIFIER = com.lucasbrbs.SpaceTradersIOS;
				PRODUCT_NAME = "$(TARGET_NAME)";
				SWIFT_EMIT_LOC_STRINGS = YES;
				SWIFT_VERSION = 5.0;
				TARGETED_DEVICE_FAMILY = "1,2";
			};
			name = Release;
		};
		FC347F1228F599490051693D /* Debug */ = {
			isa = XCBuildConfiguration;
			buildSettings = {
				ALWAYS_EMBED_SWIFT_STANDARD_LIBRARIES = YES;
				BUNDLE_LOADER = "$(TEST_HOST)";
				CLANG_ENABLE_MODULES = YES;
				CODE_SIGN_STYLE = Automatic;
				CURRENT_PROJECT_VERSION = 1;
				DEVELOPMENT_TEAM = V7A578M95D;
				GENERATE_INFOPLIST_FILE = YES;
				IPHONEOS_DEPLOYMENT_TARGET = 16.0;
				LD_RUNPATH_SEARCH_PATHS = (
					"$(inherited)",
					"@executable_path/Frameworks",
					"@loader_path/Frameworks",
				);
				MARKETING_VERSION = 1.0;
				PRODUCT_BUNDLE_IDENTIFIER = com.lucasbrbs.SpaceTradersIOSTests;
				PRODUCT_NAME = "$(TARGET_NAME)";
				SWIFT_EMIT_LOC_STRINGS = NO;
				SWIFT_OBJC_BRIDGING_HEADER = "SpaceTradersIOSTests/SpaceTradersIOSTests-Bridging-Header.h";
				SWIFT_OPTIMIZATION_LEVEL = "-Onone";
				SWIFT_VERSION = 5.0;
				TARGETED_DEVICE_FAMILY = "1,2";
				TEST_HOST = "$(BUILT_PRODUCTS_DIR)/SpaceTradersIOS.app/$(BUNDLE_EXECUTABLE_FOLDER_PATH)/SpaceTradersIOS";
			};
			name = Debug;
		};
		FC347F1328F599490051693D /* Release */ = {
			isa = XCBuildConfiguration;
			buildSettings = {
				ALWAYS_EMBED_SWIFT_STANDARD_LIBRARIES = YES;
				BUNDLE_LOADER = "$(TEST_HOST)";
				CLANG_ENABLE_MODULES = YES;
				CODE_SIGN_STYLE = Automatic;
				CURRENT_PROJECT_VERSION = 1;
				DEVELOPMENT_TEAM = V7A578M95D;
				GENERATE_INFOPLIST_FILE = YES;
				IPHONEOS_DEPLOYMENT_TARGET = 16.0;
				LD_RUNPATH_SEARCH_PATHS = (
					"$(inherited)",
					"@executable_path/Frameworks",
					"@loader_path/Frameworks",
				);
				MARKETING_VERSION = 1.0;
				PRODUCT_BUNDLE_IDENTIFIER = com.lucasbrbs.SpaceTradersIOSTests;
				PRODUCT_NAME = "$(TARGET_NAME)";
				SWIFT_EMIT_LOC_STRINGS = NO;
				SWIFT_OBJC_BRIDGING_HEADER = "SpaceTradersIOSTests/SpaceTradersIOSTests-Bridging-Header.h";
				SWIFT_VERSION = 5.0;
				TARGETED_DEVICE_FAMILY = "1,2";
				TEST_HOST = "$(BUILT_PRODUCTS_DIR)/SpaceTradersIOS.app/$(BUNDLE_EXECUTABLE_FOLDER_PATH)/SpaceTradersIOS";
			};
			name = Release;
		};
		FC347F1528F599490051693D /* Debug */ = {
			isa = XCBuildConfiguration;
			buildSettings = {
				ALWAYS_EMBED_SWIFT_STANDARD_LIBRARIES = YES;
				CODE_SIGN_STYLE = Automatic;
				CURRENT_PROJECT_VERSION = 1;
				DEVELOPMENT_TEAM = V7A578M95D;
				GENERATE_INFOPLIST_FILE = YES;
				MARKETING_VERSION = 1.0;
				PRODUCT_BUNDLE_IDENTIFIER = com.lucasbrbs.SpaceTradersIOSUITests;
				PRODUCT_NAME = "$(TARGET_NAME)";
				SWIFT_EMIT_LOC_STRINGS = NO;
				SWIFT_VERSION = 5.0;
				TARGETED_DEVICE_FAMILY = "1,2";
				TEST_TARGET_NAME = SpaceTradersIOS;
			};
			name = Debug;
		};
		FC347F1628F599490051693D /* Release */ = {
			isa = XCBuildConfiguration;
			buildSettings = {
				ALWAYS_EMBED_SWIFT_STANDARD_LIBRARIES = YES;
				CODE_SIGN_STYLE = Automatic;
				CURRENT_PROJECT_VERSION = 1;
				DEVELOPMENT_TEAM = V7A578M95D;
				GENERATE_INFOPLIST_FILE = YES;
				MARKETING_VERSION = 1.0;
				PRODUCT_BUNDLE_IDENTIFIER = com.lucasbrbs.SpaceTradersIOSUITests;
				PRODUCT_NAME = "$(TARGET_NAME)";
				SWIFT_EMIT_LOC_STRINGS = NO;
				SWIFT_VERSION = 5.0;
				TARGETED_DEVICE_FAMILY = "1,2";
				TEST_TARGET_NAME = SpaceTradersIOS;
			};
			name = Release;
		};
/* End XCBuildConfiguration section */

/* Begin XCConfigurationList section */
		FC347EDF28F599480051693D /* Build configuration list for PBXProject "SpaceTradersIOS" */ = {
			isa = XCConfigurationList;
			buildConfigurations = (
				FC347F0C28F599490051693D /* Debug */,
				FC347F0D28F599490051693D /* Release */,
			);
			defaultConfigurationIsVisible = 0;
			defaultConfigurationName = Release;
		};
		FC347F0E28F599490051693D /* Build configuration list for PBXNativeTarget "SpaceTradersIOS" */ = {
			isa = XCConfigurationList;
			buildConfigurations = (
				FC347F0F28F599490051693D /* Debug */,
				FC347F1028F599490051693D /* Release */,
			);
			defaultConfigurationIsVisible = 0;
			defaultConfigurationName = Release;
		};
		FC347F1128F599490051693D /* Build configuration list for PBXNativeTarget "SpaceTradersIOSTests" */ = {
			isa = XCConfigurationList;
			buildConfigurations = (
				FC347F1228F599490051693D /* Debug */,
				FC347F1328F599490051693D /* Release */,
			);
			defaultConfigurationIsVisible = 0;
			defaultConfigurationName = Release;
		};
		FC347F1428F599490051693D /* Build configuration list for PBXNativeTarget "SpaceTradersIOSUITests" */ = {
			isa = XCConfigurationList;
			buildConfigurations = (
				FC347F1528F599490051693D /* Debug */,
				FC347F1628F599490051693D /* Release */,
			);
			defaultConfigurationIsVisible = 0;
			defaultConfigurationName = Release;
		};
/* End XCConfigurationList section */

/* Begin XCRemoteSwiftPackageReference section */
		FC347FFB29016D3F0051693D /* XCRemoteSwiftPackageReference "lottie-ios" */ = {
			isa = XCRemoteSwiftPackageReference;
			repositoryURL = "https://github.com/airbnb/lottie-ios";
			requirement = {
				branch = master;
				kind = branch;
			};
		};
/* End XCRemoteSwiftPackageReference section */

/* Begin XCSwiftPackageProductDependency section */
		FC347FFC29016D3F0051693D /* Lottie */ = {
			isa = XCSwiftPackageProductDependency;
			package = FC347FFB29016D3F0051693D /* XCRemoteSwiftPackageReference "lottie-ios" */;
			productName = Lottie;
		};
/* End XCSwiftPackageProductDependency section */
	};
	rootObject = FC347EDC28F599480051693D /* Project object */;
}
